
Microsoft Visual Studio Solution File, Format Version 12.00
# Visual Studio Version 17
VisualStudioVersion = 17.7.34031.279
MinimumVisualStudioVersion = 10.0.40219.1
Project("{FAE04EC0-301F-11D3-BF4B-00C04F79EFBC}") = "WarGame", "WarGame.csproj", "{3628A34E-7737-4137-A0D1-9BCD7ECC04AD}"
EndProject
Global
	GlobalSection(SolutionConfigurationPlatforms) = preSolution
		Debug|Any CPU = Debug|Any CPU
		Release|Any CPU = Release|Any CPU
	EndGlobalSection
	GlobalSection(ProjectConfigurationPlatforms) = postSolution
		{3628A34E-7737-4137-A0D1-9BCD7ECC04AD}.Debug|Any CPU.ActiveCfg = Debug|Any CPU
		{3628A34E-7737-4137-A0D1-9BCD7ECC04AD}.Debug|Any CPU.Build.0 = Debug|Any CPU
		{3628A34E-7737-4137-A0D1-9BCD7ECC04AD}.Release|Any CPU.ActiveCfg = Release|Any CPU
		{3628A34E-7737-4137-A0D1-9BCD7ECC04AD}.Release|Any CPU.Build.0 = Release|Any CPU
	EndGlobalSection
	GlobalSection(SolutionProperties) = preSolution
		HideSolutionNode = FALSE
	EndGlobalSection
	GlobalSection(ExtensibilityGlobals) = postSolution
		SolutionGuid = {2E6D4B75-AB86-47FE-A716-CC5FB7E45468}
	EndGlobalSection
EndGlobal
